// !$*UTF8*$!
{
	archiveVersion = 1;
	classes = {
	};
	objectVersion = 52;
	objects = {

/* Begin PBXBuildFile section */
		D801DB2026123AE500844A96 /* AppEnvironment.swift in Sources */ = {isa = PBXBuildFile; fileRef = D801DB1F26123AE500844A96 /* AppEnvironment.swift */; };
		D801DB2626123E6300844A96 /* Publishers+Decoding.swift in Sources */ = {isa = PBXBuildFile; fileRef = D801DB2526123E6300844A96 /* Publishers+Decoding.swift */; };
		D801DB2E26123F6800844A96 /* URLSession+DataTaskPublisher.swift in Sources */ = {isa = PBXBuildFile; fileRef = D801DB2D26123F6800844A96 /* URLSession+DataTaskPublisher.swift */; };
		D801DB332612448E00844A96 /* URLHost.swift in Sources */ = {isa = PBXBuildFile; fileRef = D801DB322612448E00844A96 /* URLHost.swift */; };
		D801DB382612510D00844A96 /* URLRequest+Networking.swift in Sources */ = {isa = PBXBuildFile; fileRef = D801DB372612510D00844A96 /* URLRequest+Networking.swift */; };
		D8709D1026235AEA00A9C442 /* LogoImage.swift in Sources */ = {isa = PBXBuildFile; fileRef = D8709D0F26235AEA00A9C442 /* LogoImage.swift */; };
		D8709D1526235F5900A9C442 /* CommonImage.swift in Sources */ = {isa = PBXBuildFile; fileRef = D8709D1426235F5900A9C442 /* CommonImage.swift */; };
		D8709D1B2623710000A9C442 /* Kingfisher in Frameworks */ = {isa = PBXBuildFile; productRef = D8709D1A2623710000A9C442 /* Kingfisher */; };
		D8709D2426263A2200A9C442 /* SearchBar.swift in Sources */ = {isa = PBXBuildFile; fileRef = D8709D2326263A2200A9C442 /* SearchBar.swift */; };
		D8709D3126277C7D00A9C442 /* RestrictSizeCategory.swift in Sources */ = {isa = PBXBuildFile; fileRef = D8709D3026277C7C00A9C442 /* RestrictSizeCategory.swift */; };
		D8709D3926277CC100A9C442 /* BindingExtensions.swift in Sources */ = {isa = PBXBuildFile; fileRef = D8709D3826277CC100A9C442 /* BindingExtensions.swift */; };
		D8709D3F262791B000A9C442 /* UIApplicationExtensions.swift in Sources */ = {isa = PBXBuildFile; fileRef = D8709D3E262791B000A9C442 /* UIApplicationExtensions.swift */; };
		D8709D48262791F700A9C442 /* ScrollViewExtensions.swift in Sources */ = {isa = PBXBuildFile; fileRef = D8709D47262791F700A9C442 /* ScrollViewExtensions.swift */; };
		D8709D502627921000A9C442 /* ViewExtensions.swift in Sources */ = {isa = PBXBuildFile; fileRef = D8709D4F2627921000A9C442 /* ViewExtensions.swift */; };
		D87825A126235463003AF99A /* VTitleAndDescriptionView.swift in Sources */ = {isa = PBXBuildFile; fileRef = D87825A026235463003AF99A /* VTitleAndDescriptionView.swift */; };
		D87ADA3E26062EEC00123975 /* SwiftUIExamplesApp.swift in Sources */ = {isa = PBXBuildFile; fileRef = D87ADA3D26062EEC00123975 /* SwiftUIExamplesApp.swift */; };
		D87ADA4026062EEC00123975 /* MainListView.swift in Sources */ = {isa = PBXBuildFile; fileRef = D87ADA3F26062EEC00123975 /* MainListView.swift */; };
		D87ADA4226062EF200123975 /* Assets.xcassets in Resources */ = {isa = PBXBuildFile; fileRef = D87ADA4126062EF200123975 /* Assets.xcassets */; };
		D87ADA4526062EF200123975 /* Preview Assets.xcassets in Resources */ = {isa = PBXBuildFile; fileRef = D87ADA4426062EF200123975 /* Preview Assets.xcassets */; };
		D87ADA5026062EF200123975 /* SwiftUIExamplesTests.swift in Sources */ = {isa = PBXBuildFile; fileRef = D87ADA4F26062EF200123975 /* SwiftUIExamplesTests.swift */; };
		D87ADA5B26062EF200123975 /* SwiftUIExamplesUITests.swift in Sources */ = {isa = PBXBuildFile; fileRef = D87ADA5A26062EF200123975 /* SwiftUIExamplesUITests.swift */; };
		D87ADA6C2606314A00123975 /* MenuItem.swift in Sources */ = {isa = PBXBuildFile; fileRef = D87ADA6B2606314A00123975 /* MenuItem.swift */; };
		D87ADA7F260639C600123975 /* MenuRow.swift in Sources */ = {isa = PBXBuildFile; fileRef = D87ADA7E260639C600123975 /* MenuRow.swift */; };
		D87ADA8826063DCC00123975 /* ForEachExtensions.swift in Sources */ = {isa = PBXBuildFile; fileRef = D87ADA8726063DCC00123975 /* ForEachExtensions.swift */; };
		D87ADA9126063E1F00123975 /* ContentPreview.swift in Sources */ = {isa = PBXBuildFile; fileRef = D87ADA9026063E1F00123975 /* ContentPreview.swift */; };
		D8889DE62613658B00049C2C /* NetworkingConstants.swift in Sources */ = {isa = PBXBuildFile; fileRef = D8889DE52613658B00049C2C /* NetworkingConstants.swift */; };
		D8889DEB2613698A00049C2C /* EndpointType.swift in Sources */ = {isa = PBXBuildFile; fileRef = D8889DEA2613698A00049C2C /* EndpointType.swift */; };
		D8889DF726136CB800049C2C /* NetworkingClient.swift in Sources */ = {isa = PBXBuildFile; fileRef = D8889DF626136CB800049C2C /* NetworkingClient.swift */; };
		D8889E0226136E4200049C2C /* NetworkingErrors.swift in Sources */ = {isa = PBXBuildFile; fileRef = D8889E0126136E4200049C2C /* NetworkingErrors.swift */; };
		D8889E0B26136E9100049C2C /* Configuration.swift in Sources */ = {isa = PBXBuildFile; fileRef = D8889E0A26136E9100049C2C /* Configuration.swift */; };
		D8889E782614C2E800049C2C /* AppRow.swift in Sources */ = {isa = PBXBuildFile; fileRef = D8889E772614C2E800049C2C /* AppRow.swift */; };
		D8889EF32618DDDE00049C2C /* ItunesSearchView.swift in Sources */ = {isa = PBXBuildFile; fileRef = D8889EF22618DDDE00049C2C /* ItunesSearchView.swift */; };
		D8889EFA2618DFC600049C2C /* ItunesSearchViewModel.swift in Sources */ = {isa = PBXBuildFile; fileRef = D8889EF92618DFC600049C2C /* ItunesSearchViewModel.swift */; };
		D8894F2C2611F66E00737855 /* Endpoint.swift in Sources */ = {isa = PBXBuildFile; fileRef = D8894F2B2611F66E00737855 /* Endpoint.swift */; };
		D8BBCFFE2611EF3200A9A6FE /* ItunesSearch.swift in Sources */ = {isa = PBXBuildFile; fileRef = D8BBCFFD2611EF3200A9A6FE /* ItunesSearch.swift */; };
		D8BBD0042611F1F800A9A6FE /* SearchResultsRepository.swift in Sources */ = {isa = PBXBuildFile; fileRef = D8BBD0032611F1F800A9A6FE /* SearchResultsRepository.swift */; };
		D8E0F0F8261B87D0001D403E /* RatingView.swift in Sources */ = {isa = PBXBuildFile; fileRef = D8E0F0F7261B87D0001D403E /* RatingView.swift */; };
/* End PBXBuildFile section */

/* Begin PBXContainerItemProxy section */
		D87ADA4C26062EF200123975 /* PBXContainerItemProxy */ = {
			isa = PBXContainerItemProxy;
			containerPortal = D87ADA3226062EEC00123975 /* Project object */;
			proxyType = 1;
			remoteGlobalIDString = D87ADA3926062EEC00123975;
			remoteInfo = SwiftUIExamples;
		};
		D87ADA5726062EF200123975 /* PBXContainerItemProxy */ = {
			isa = PBXContainerItemProxy;
			containerPortal = D87ADA3226062EEC00123975 /* Project object */;
			proxyType = 1;
			remoteGlobalIDString = D87ADA3926062EEC00123975;
			remoteInfo = SwiftUIExamples;
		};
/* End PBXContainerItemProxy section */

/* Begin PBXFileReference section */
		D801DB1F26123AE500844A96 /* AppEnvironment.swift */ = {isa = PBXFileReference; lastKnownFileType = sourcecode.swift; path = AppEnvironment.swift; sourceTree = "<group>"; };
		D801DB2526123E6300844A96 /* Publishers+Decoding.swift */ = {isa = PBXFileReference; lastKnownFileType = sourcecode.swift; path = "Publishers+Decoding.swift"; sourceTree = "<group>"; };
		D801DB2D26123F6800844A96 /* URLSession+DataTaskPublisher.swift */ = {isa = PBXFileReference; lastKnownFileType = sourcecode.swift; path = "URLSession+DataTaskPublisher.swift"; sourceTree = "<group>"; };
		D801DB322612448E00844A96 /* URLHost.swift */ = {isa = PBXFileReference; lastKnownFileType = sourcecode.swift; path = URLHost.swift; sourceTree = "<group>"; };
		D801DB372612510D00844A96 /* URLRequest+Networking.swift */ = {isa = PBXFileReference; lastKnownFileType = sourcecode.swift; path = "URLRequest+Networking.swift"; sourceTree = "<group>"; };
		D8709D0F26235AEA00A9C442 /* LogoImage.swift */ = {isa = PBXFileReference; lastKnownFileType = sourcecode.swift; path = LogoImage.swift; sourceTree = "<group>"; };
		D8709D1426235F5900A9C442 /* CommonImage.swift */ = {isa = PBXFileReference; lastKnownFileType = sourcecode.swift; path = CommonImage.swift; sourceTree = "<group>"; };
		D8709D2326263A2200A9C442 /* SearchBar.swift */ = {isa = PBXFileReference; lastKnownFileType = sourcecode.swift; path = SearchBar.swift; sourceTree = "<group>"; };
		D8709D3026277C7C00A9C442 /* RestrictSizeCategory.swift */ = {isa = PBXFileReference; lastKnownFileType = sourcecode.swift; path = RestrictSizeCategory.swift; sourceTree = "<group>"; };
		D8709D3826277CC100A9C442 /* BindingExtensions.swift */ = {isa = PBXFileReference; lastKnownFileType = sourcecode.swift; path = BindingExtensions.swift; sourceTree = "<group>"; };
		D8709D3E262791B000A9C442 /* UIApplicationExtensions.swift */ = {isa = PBXFileReference; lastKnownFileType = sourcecode.swift; path = UIApplicationExtensions.swift; sourceTree = "<group>"; };
		D8709D47262791F700A9C442 /* ScrollViewExtensions.swift */ = {isa = PBXFileReference; lastKnownFileType = sourcecode.swift; path = ScrollViewExtensions.swift; sourceTree = "<group>"; };
		D8709D4F2627921000A9C442 /* ViewExtensions.swift */ = {isa = PBXFileReference; lastKnownFileType = sourcecode.swift; path = ViewExtensions.swift; sourceTree = "<group>"; };
		D87825A026235463003AF99A /* VTitleAndDescriptionView.swift */ = {isa = PBXFileReference; lastKnownFileType = sourcecode.swift; path = VTitleAndDescriptionView.swift; sourceTree = "<group>"; };
		D87ADA3A26062EEC00123975 /* SwiftUIExamples.app */ = {isa = PBXFileReference; explicitFileType = wrapper.application; includeInIndex = 0; path = SwiftUIExamples.app; sourceTree = BUILT_PRODUCTS_DIR; };
		D87ADA3D26062EEC00123975 /* SwiftUIExamplesApp.swift */ = {isa = PBXFileReference; lastKnownFileType = sourcecode.swift; path = SwiftUIExamplesApp.swift; sourceTree = "<group>"; };
		D87ADA3F26062EEC00123975 /* MainListView.swift */ = {isa = PBXFileReference; lastKnownFileType = sourcecode.swift; path = MainListView.swift; sourceTree = "<group>"; };
		D87ADA4126062EF200123975 /* Assets.xcassets */ = {isa = PBXFileReference; lastKnownFileType = folder.assetcatalog; path = Assets.xcassets; sourceTree = "<group>"; };
		D87ADA4426062EF200123975 /* Preview Assets.xcassets */ = {isa = PBXFileReference; lastKnownFileType = folder.assetcatalog; path = "Preview Assets.xcassets"; sourceTree = "<group>"; };
		D87ADA4626062EF200123975 /* Info.plist */ = {isa = PBXFileReference; lastKnownFileType = text.plist.xml; path = Info.plist; sourceTree = "<group>"; };
		D87ADA4B26062EF200123975 /* SwiftUIExamplesTests.xctest */ = {isa = PBXFileReference; explicitFileType = wrapper.cfbundle; includeInIndex = 0; path = SwiftUIExamplesTests.xctest; sourceTree = BUILT_PRODUCTS_DIR; };
		D87ADA4F26062EF200123975 /* SwiftUIExamplesTests.swift */ = {isa = PBXFileReference; lastKnownFileType = sourcecode.swift; path = SwiftUIExamplesTests.swift; sourceTree = "<group>"; };
		D87ADA5126062EF200123975 /* Info.plist */ = {isa = PBXFileReference; lastKnownFileType = text.plist.xml; path = Info.plist; sourceTree = "<group>"; };
		D87ADA5626062EF200123975 /* SwiftUIExamplesUITests.xctest */ = {isa = PBXFileReference; explicitFileType = wrapper.cfbundle; includeInIndex = 0; path = SwiftUIExamplesUITests.xctest; sourceTree = BUILT_PRODUCTS_DIR; };
		D87ADA5A26062EF200123975 /* SwiftUIExamplesUITests.swift */ = {isa = PBXFileReference; lastKnownFileType = sourcecode.swift; path = SwiftUIExamplesUITests.swift; sourceTree = "<group>"; };
		D87ADA5C26062EF200123975 /* Info.plist */ = {isa = PBXFileReference; lastKnownFileType = text.plist.xml; path = Info.plist; sourceTree = "<group>"; };
		D87ADA6B2606314A00123975 /* MenuItem.swift */ = {isa = PBXFileReference; lastKnownFileType = sourcecode.swift; path = MenuItem.swift; sourceTree = "<group>"; };
		D87ADA7E260639C600123975 /* MenuRow.swift */ = {isa = PBXFileReference; lastKnownFileType = sourcecode.swift; path = MenuRow.swift; sourceTree = "<group>"; };
		D87ADA8726063DCC00123975 /* ForEachExtensions.swift */ = {isa = PBXFileReference; lastKnownFileType = sourcecode.swift; path = ForEachExtensions.swift; sourceTree = "<group>"; };
		D87ADA9026063E1F00123975 /* ContentPreview.swift */ = {isa = PBXFileReference; lastKnownFileType = sourcecode.swift; path = ContentPreview.swift; sourceTree = "<group>"; };
		D8889DE52613658B00049C2C /* NetworkingConstants.swift */ = {isa = PBXFileReference; lastKnownFileType = sourcecode.swift; path = NetworkingConstants.swift; sourceTree = "<group>"; };
		D8889DEA2613698A00049C2C /* EndpointType.swift */ = {isa = PBXFileReference; lastKnownFileType = sourcecode.swift; path = EndpointType.swift; sourceTree = "<group>"; };
		D8889DF626136CB800049C2C /* NetworkingClient.swift */ = {isa = PBXFileReference; lastKnownFileType = sourcecode.swift; path = NetworkingClient.swift; sourceTree = "<group>"; };
		D8889E0126136E4200049C2C /* NetworkingErrors.swift */ = {isa = PBXFileReference; lastKnownFileType = sourcecode.swift; path = NetworkingErrors.swift; sourceTree = "<group>"; };
		D8889E0A26136E9100049C2C /* Configuration.swift */ = {isa = PBXFileReference; lastKnownFileType = sourcecode.swift; path = Configuration.swift; sourceTree = "<group>"; };
		D8889E772614C2E800049C2C /* AppRow.swift */ = {isa = PBXFileReference; lastKnownFileType = sourcecode.swift; path = AppRow.swift; sourceTree = "<group>"; };
		D8889EF22618DDDE00049C2C /* ItunesSearchView.swift */ = {isa = PBXFileReference; lastKnownFileType = sourcecode.swift; path = ItunesSearchView.swift; sourceTree = "<group>"; };
		D8889EF92618DFC600049C2C /* ItunesSearchViewModel.swift */ = {isa = PBXFileReference; lastKnownFileType = sourcecode.swift; path = ItunesSearchViewModel.swift; sourceTree = "<group>"; };
		D8894F2B2611F66E00737855 /* Endpoint.swift */ = {isa = PBXFileReference; lastKnownFileType = sourcecode.swift; path = Endpoint.swift; sourceTree = "<group>"; };
		D8BBCFFD2611EF3200A9A6FE /* ItunesSearch.swift */ = {isa = PBXFileReference; lastKnownFileType = sourcecode.swift; path = ItunesSearch.swift; sourceTree = "<group>"; };
		D8BBD0032611F1F800A9A6FE /* SearchResultsRepository.swift */ = {isa = PBXFileReference; lastKnownFileType = sourcecode.swift; path = SearchResultsRepository.swift; sourceTree = "<group>"; };
		D8E0F0F7261B87D0001D403E /* RatingView.swift */ = {isa = PBXFileReference; lastKnownFileType = sourcecode.swift; path = RatingView.swift; sourceTree = "<group>"; };
/* End PBXFileReference section */

/* Begin PBXFrameworksBuildPhase section */
		D87ADA3726062EEC00123975 /* Frameworks */ = {
			isa = PBXFrameworksBuildPhase;
			buildActionMask = 2147483647;
			files = (
				D8709D1B2623710000A9C442 /* Kingfisher in Frameworks */,
			);
			runOnlyForDeploymentPostprocessing = 0;
		};
		D87ADA4826062EF200123975 /* Frameworks */ = {
			isa = PBXFrameworksBuildPhase;
			buildActionMask = 2147483647;
			files = (
			);
			runOnlyForDeploymentPostprocessing = 0;
		};
		D87ADA5326062EF200123975 /* Frameworks */ = {
			isa = PBXFrameworksBuildPhase;
			buildActionMask = 2147483647;
			files = (
			);
			runOnlyForDeploymentPostprocessing = 0;
		};
/* End PBXFrameworksBuildPhase section */

/* Begin PBXGroup section */
		D801DB2426123E4400844A96 /* Publishers */ = {
			isa = PBXGroup;
			children = (
				D801DB2526123E6300844A96 /* Publishers+Decoding.swift */,
				D801DB2D26123F6800844A96 /* URLSession+DataTaskPublisher.swift */,
			);
			name = Publishers;
			sourceTree = "<group>";
		};
		D8709D222626390300A9C442 /* SearchBar */ = {
			isa = PBXGroup;
			children = (
				D8709D2326263A2200A9C442 /* SearchBar.swift */,
			);
			name = SearchBar;
			sourceTree = "<group>";
		};
		D8709D2826263A8A00A9C442 /* Resources */ = {
			isa = PBXGroup;
			children = (
				D87ADA4626062EF200123975 /* Info.plist */,
				D87ADA4126062EF200123975 /* Assets.xcassets */,
			);
			name = Resources;
			sourceTree = "<group>";
		};
		D8709D2F26277C6600A9C442 /* View Modifiers */ = {
			isa = PBXGroup;
			children = (
				D8709D3026277C7C00A9C442 /* RestrictSizeCategory.swift */,
			);
			name = "View Modifiers";
			sourceTree = "<group>";
		};
		D8709D3D2627918700A9C442 /* UIViewExtensions */ = {
			isa = PBXGroup;
			children = (
				D8709D3E262791B000A9C442 /* UIApplicationExtensions.swift */,
			);
			name = UIViewExtensions;
			sourceTree = "<group>";
		};
		D8709D46262791DF00A9C442 /* Extensions */ = {
			isa = PBXGroup;
			children = (
				D87ADA8726063DCC00123975 /* ForEachExtensions.swift */,
				D8709D3826277CC100A9C442 /* BindingExtensions.swift */,
				D8709D47262791F700A9C442 /* ScrollViewExtensions.swift */,
				D8709D4F2627921000A9C442 /* ViewExtensions.swift */,
			);
			name = Extensions;
			sourceTree = "<group>";
		};
		D8782596261E1FE5003AF99A /* Screens */ = {
			isa = PBXGroup;
			children = (
				D8782597261E1FFD003AF99A /* ItunesSearch */,
			);
			name = Screens;
			sourceTree = "<group>";
		};
		D8782597261E1FFD003AF99A /* ItunesSearch */ = {
			isa = PBXGroup;
			children = (
				D878259C261E205F003AF99A /* Data */,
				D8782598261E2013003AF99A /* Models */,
				D8889EF92618DFC600049C2C /* ItunesSearchViewModel.swift */,
				D8889EF22618DDDE00049C2C /* ItunesSearchView.swift */,
			);
			name = ItunesSearch;
			sourceTree = "<group>";
		};
		D8782598261E2013003AF99A /* Models */ = {
			isa = PBXGroup;
			children = (
				D8BBCFFD2611EF3200A9A6FE /* ItunesSearch.swift */,
			);
			name = Models;
			sourceTree = "<group>";
		};
		D878259C261E205F003AF99A /* Data */ = {
			isa = PBXGroup;
			children = (
				D8BBD0032611F1F800A9A6FE /* SearchResultsRepository.swift */,
			);
			name = Data;
			sourceTree = "<group>";
		};
		D87ADA3126062EEC00123975 = {
			isa = PBXGroup;
			children = (
				D87ADA3C26062EEC00123975 /* SwiftUIExamples */,
				D87ADA4E26062EF200123975 /* SwiftUIExamplesTests */,
				D87ADA5926062EF200123975 /* SwiftUIExamplesUITests */,
				D87ADA3B26062EEC00123975 /* Products */,
			);
			sourceTree = "<group>";
		};
		D87ADA3B26062EEC00123975 /* Products */ = {
			isa = PBXGroup;
			children = (
				D87ADA3A26062EEC00123975 /* SwiftUIExamples.app */,
				D87ADA4B26062EF200123975 /* SwiftUIExamplesTests.xctest */,
				D87ADA5626062EF200123975 /* SwiftUIExamplesUITests.xctest */,
			);
			name = Products;
			sourceTree = "<group>";
		};
		D87ADA3C26062EEC00123975 /* SwiftUIExamples */ = {
			isa = PBXGroup;
			children = (
				D8782596261E1FE5003AF99A /* Screens */,
				D8889E0926136E7E00049C2C /* Configuration */,
				D8BBCFF62611EEC600A9A6FE /* Core */,
				D87ADA8F26063DDB00123975 /* SwiftUI Utils */,
				D87ADA7D260639B100123975 /* Menu */,
				D8889EF82618DFA100049C2C /* Views */,
				D87ADA3F26062EEC00123975 /* MainListView.swift */,
				D87ADA3D26062EEC00123975 /* SwiftUIExamplesApp.swift */,
				D8709D2826263A8A00A9C442 /* Resources */,
				D87ADA4326062EF200123975 /* Preview Content */,
			);
			path = SwiftUIExamples;
			sourceTree = "<group>";
		};
		D87ADA4326062EF200123975 /* Preview Content */ = {
			isa = PBXGroup;
			children = (
				D87ADA4426062EF200123975 /* Preview Assets.xcassets */,
			);
			path = "Preview Content";
			sourceTree = "<group>";
		};
		D87ADA4E26062EF200123975 /* SwiftUIExamplesTests */ = {
			isa = PBXGroup;
			children = (
				D87ADA4F26062EF200123975 /* SwiftUIExamplesTests.swift */,
				D87ADA5126062EF200123975 /* Info.plist */,
			);
			path = SwiftUIExamplesTests;
			sourceTree = "<group>";
		};
		D87ADA5926062EF200123975 /* SwiftUIExamplesUITests */ = {
			isa = PBXGroup;
			children = (
				D87ADA5A26062EF200123975 /* SwiftUIExamplesUITests.swift */,
				D87ADA5C26062EF200123975 /* Info.plist */,
			);
			path = SwiftUIExamplesUITests;
			sourceTree = "<group>";
		};
		D87ADA7D260639B100123975 /* Menu */ = {
			isa = PBXGroup;
			children = (
				D87ADA6B2606314A00123975 /* MenuItem.swift */,
				D87ADA7E260639C600123975 /* MenuRow.swift */,
			);
			name = Menu;
			sourceTree = "<group>";
		};
		D87ADA8F26063DDB00123975 /* SwiftUI Utils */ = {
			isa = PBXGroup;
			children = (
				D8709D46262791DF00A9C442 /* Extensions */,
				D87ADA9026063E1F00123975 /* ContentPreview.swift */,
			);
			name = "SwiftUI Utils";
			sourceTree = "<group>";
		};
		D8889DF526136A9000049C2C /* Networking */ = {
			isa = PBXGroup;
			children = (
				D8889DF626136CB800049C2C /* NetworkingClient.swift */,
				D8889E0126136E4200049C2C /* NetworkingErrors.swift */,
				D8894F3126121D7000737855 /* Endpoint */,
				D801DB2426123E4400844A96 /* Publishers */,
				D801DB322612448E00844A96 /* URLHost.swift */,
				D801DB372612510D00844A96 /* URLRequest+Networking.swift */,
			);
			name = Networking;
			sourceTree = "<group>";
		};
		D8889E0926136E7E00049C2C /* Configuration */ = {
			isa = PBXGroup;
			children = (
				D8889E0A26136E9100049C2C /* Configuration.swift */,
				D801DB1F26123AE500844A96 /* AppEnvironment.swift */,
			);
			name = Configuration;
			sourceTree = "<group>";
		};
		D8889EF82618DFA100049C2C /* Views */ = {
			isa = PBXGroup;
			children = (
				D8709D2F26277C6600A9C442 /* View Modifiers */,
				D8709D222626390300A9C442 /* SearchBar */,
				D8889E772614C2E800049C2C /* AppRow.swift */,
				D8E0F0F7261B87D0001D403E /* RatingView.swift */,
				D87825A026235463003AF99A /* VTitleAndDescriptionView.swift */,
				D8709D0F26235AEA00A9C442 /* LogoImage.swift */,
				D8709D1426235F5900A9C442 /* CommonImage.swift */,
			);
			name = Views;
			sourceTree = "<group>";
		};
		D8894F3126121D7000737855 /* Endpoint */ = {
			isa = PBXGroup;
			children = (
				D8889DE52613658B00049C2C /* NetworkingConstants.swift */,
				D8889DEA2613698A00049C2C /* EndpointType.swift */,
				D8894F2B2611F66E00737855 /* Endpoint.swift */,
			);
			name = Endpoint;
			sourceTree = "<group>";
		};
		D8BBCFF62611EEC600A9A6FE /* Core */ = {
			isa = PBXGroup;
			children = (
				D8709D3D2627918700A9C442 /* UIViewExtensions */,
				D8889DF526136A9000049C2C /* Networking */,
			);
			name = Core;
			sourceTree = "<group>";
		};
/* End PBXGroup section */

/* Begin PBXNativeTarget section */
		D87ADA3926062EEC00123975 /* SwiftUIExamples */ = {
			isa = PBXNativeTarget;
			buildConfigurationList = D87ADA5F26062EF200123975 /* Build configuration list for PBXNativeTarget "SwiftUIExamples" */;
			buildPhases = (
				D87ADA3626062EEC00123975 /* Sources */,
				D87ADA3726062EEC00123975 /* Frameworks */,
				D87ADA3826062EEC00123975 /* Resources */,
			);
			buildRules = (
			);
			dependencies = (
			);
			name = SwiftUIExamples;
			packageProductDependencies = (
				D8709D1A2623710000A9C442 /* Kingfisher */,
			);
			productName = SwiftUIExamples;
			productReference = D87ADA3A26062EEC00123975 /* SwiftUIExamples.app */;
			productType = "com.apple.product-type.application";
		};
		D87ADA4A26062EF200123975 /* SwiftUIExamplesTests */ = {
			isa = PBXNativeTarget;
			buildConfigurationList = D87ADA6226062EF200123975 /* Build configuration list for PBXNativeTarget "SwiftUIExamplesTests" */;
			buildPhases = (
				D87ADA4726062EF200123975 /* Sources */,
				D87ADA4826062EF200123975 /* Frameworks */,
				D87ADA4926062EF200123975 /* Resources */,
			);
			buildRules = (
			);
			dependencies = (
				D87ADA4D26062EF200123975 /* PBXTargetDependency */,
			);
			name = SwiftUIExamplesTests;
			productName = SwiftUIExamplesTests;
			productReference = D87ADA4B26062EF200123975 /* SwiftUIExamplesTests.xctest */;
			productType = "com.apple.product-type.bundle.unit-test";
		};
		D87ADA5526062EF200123975 /* SwiftUIExamplesUITests */ = {
			isa = PBXNativeTarget;
			buildConfigurationList = D87ADA6526062EF200123975 /* Build configuration list for PBXNativeTarget "SwiftUIExamplesUITests" */;
			buildPhases = (
				D87ADA5226062EF200123975 /* Sources */,
				D87ADA5326062EF200123975 /* Frameworks */,
				D87ADA5426062EF200123975 /* Resources */,
			);
			buildRules = (
			);
			dependencies = (
				D87ADA5826062EF200123975 /* PBXTargetDependency */,
			);
			name = SwiftUIExamplesUITests;
			productName = SwiftUIExamplesUITests;
			productReference = D87ADA5626062EF200123975 /* SwiftUIExamplesUITests.xctest */;
			productType = "com.apple.product-type.bundle.ui-testing";
		};
/* End PBXNativeTarget section */

/* Begin PBXProject section */
		D87ADA3226062EEC00123975 /* Project object */ = {
			isa = PBXProject;
			attributes = {
				LastSwiftUpdateCheck = 1240;
				LastUpgradeCheck = 1240;
				TargetAttributes = {
					D87ADA3926062EEC00123975 = {
						CreatedOnToolsVersion = 12.4;
					};
					D87ADA4A26062EF200123975 = {
						CreatedOnToolsVersion = 12.4;
						TestTargetID = D87ADA3926062EEC00123975;
					};
					D87ADA5526062EF200123975 = {
						CreatedOnToolsVersion = 12.4;
						TestTargetID = D87ADA3926062EEC00123975;
					};
				};
			};
			buildConfigurationList = D87ADA3526062EEC00123975 /* Build configuration list for PBXProject "SwiftUIExamples" */;
			compatibilityVersion = "Xcode 9.3";
			developmentRegion = en;
			hasScannedForEncodings = 0;
			knownRegions = (
				en,
				Base,
			);
			mainGroup = D87ADA3126062EEC00123975;
			packageReferences = (
				D8709D192623710000A9C442 /* XCRemoteSwiftPackageReference "Kingfisher" */,
			);
			productRefGroup = D87ADA3B26062EEC00123975 /* Products */;
			projectDirPath = "";
			projectRoot = "";
			targets = (
				D87ADA3926062EEC00123975 /* SwiftUIExamples */,
				D87ADA4A26062EF200123975 /* SwiftUIExamplesTests */,
				D87ADA5526062EF200123975 /* SwiftUIExamplesUITests */,
			);
		};
/* End PBXProject section */

/* Begin PBXResourcesBuildPhase section */
		D87ADA3826062EEC00123975 /* Resources */ = {
			isa = PBXResourcesBuildPhase;
			buildActionMask = 2147483647;
			files = (
				D87ADA4526062EF200123975 /* Preview Assets.xcassets in Resources */,
				D87ADA4226062EF200123975 /* Assets.xcassets in Resources */,
			);
			runOnlyForDeploymentPostprocessing = 0;
		};
		D87ADA4926062EF200123975 /* Resources */ = {
			isa = PBXResourcesBuildPhase;
			buildActionMask = 2147483647;
			files = (
			);
			runOnlyForDeploymentPostprocessing = 0;
		};
		D87ADA5426062EF200123975 /* Resources */ = {
			isa = PBXResourcesBuildPhase;
			buildActionMask = 2147483647;
			files = (
			);
			runOnlyForDeploymentPostprocessing = 0;
		};
/* End PBXResourcesBuildPhase section */

/* Begin PBXSourcesBuildPhase section */
		D87ADA3626062EEC00123975 /* Sources */ = {
			isa = PBXSourcesBuildPhase;
			buildActionMask = 2147483647;
			files = (
				D8889EFA2618DFC600049C2C /* ItunesSearchViewModel.swift in Sources */,
				D8709D48262791F700A9C442 /* ScrollViewExtensions.swift in Sources */,
				D8889DEB2613698A00049C2C /* EndpointType.swift in Sources */,
				D87ADA9126063E1F00123975 /* ContentPreview.swift in Sources */,
				D8889E0226136E4200049C2C /* NetworkingErrors.swift in Sources */,
				D8889E0B26136E9100049C2C /* Configuration.swift in Sources */,
				D8894F2C2611F66E00737855 /* Endpoint.swift in Sources */,
				D8709D3F262791B000A9C442 /* UIApplicationExtensions.swift in Sources */,
				D801DB2E26123F6800844A96 /* URLSession+DataTaskPublisher.swift in Sources */,
				D8709D1026235AEA00A9C442 /* LogoImage.swift in Sources */,
				D8E0F0F8261B87D0001D403E /* RatingView.swift in Sources */,
				D8889EF32618DDDE00049C2C /* ItunesSearchView.swift in Sources */,
				D8889E782614C2E800049C2C /* AppRow.swift in Sources */,
				D87ADA8826063DCC00123975 /* ForEachExtensions.swift in Sources */,
				D8709D1526235F5900A9C442 /* CommonImage.swift in Sources */,
				D87825A126235463003AF99A /* VTitleAndDescriptionView.swift in Sources */,
				D8709D2426263A2200A9C442 /* SearchBar.swift in Sources */,
				D87ADA6C2606314A00123975 /* MenuItem.swift in Sources */,
				D801DB382612510D00844A96 /* URLRequest+Networking.swift in Sources */,
				D8709D3926277CC100A9C442 /* BindingExtensions.swift in Sources */,
				D8889DF726136CB800049C2C /* NetworkingClient.swift in Sources */,
				D8709D3126277C7D00A9C442 /* RestrictSizeCategory.swift in Sources */,
				D87ADA7F260639C600123975 /* MenuRow.swift in Sources */,
				D8BBD0042611F1F800A9A6FE /* SearchResultsRepository.swift in Sources */,
				D87ADA4026062EEC00123975 /* MainListView.swift in Sources */,
				D87ADA3E26062EEC00123975 /* SwiftUIExamplesApp.swift in Sources */,
				D8709D502627921000A9C442 /* ViewExtensions.swift in Sources */,
				D8BBCFFE2611EF3200A9A6FE /* ItunesSearch.swift in Sources */,
				D8889DE62613658B00049C2C /* NetworkingConstants.swift in Sources */,
				D801DB332612448E00844A96 /* URLHost.swift in Sources */,
				D801DB2026123AE500844A96 /* AppEnvironment.swift in Sources */,
				D801DB2626123E6300844A96 /* Publishers+Decoding.swift in Sources */,
			);
			runOnlyForDeploymentPostprocessing = 0;
		};
		D87ADA4726062EF200123975 /* Sources */ = {
			isa = PBXSourcesBuildPhase;
			buildActionMask = 2147483647;
			files = (
				D87ADA5026062EF200123975 /* SwiftUIExamplesTests.swift in Sources */,
			);
			runOnlyForDeploymentPostprocessing = 0;
		};
		D87ADA5226062EF200123975 /* Sources */ = {
			isa = PBXSourcesBuildPhase;
			buildActionMask = 2147483647;
			files = (
				D87ADA5B26062EF200123975 /* SwiftUIExamplesUITests.swift in Sources */,
			);
			runOnlyForDeploymentPostprocessing = 0;
		};
/* End PBXSourcesBuildPhase section */

/* Begin PBXTargetDependency section */
		D87ADA4D26062EF200123975 /* PBXTargetDependency */ = {
			isa = PBXTargetDependency;
			target = D87ADA3926062EEC00123975 /* SwiftUIExamples */;
			targetProxy = D87ADA4C26062EF200123975 /* PBXContainerItemProxy */;
		};
		D87ADA5826062EF200123975 /* PBXTargetDependency */ = {
			isa = PBXTargetDependency;
			target = D87ADA3926062EEC00123975 /* SwiftUIExamples */;
			targetProxy = D87ADA5726062EF200123975 /* PBXContainerItemProxy */;
		};
/* End PBXTargetDependency section */

/* Begin XCBuildConfiguration section */
		D87ADA5D26062EF200123975 /* Debug */ = {
			isa = XCBuildConfiguration;
			buildSettings = {
				ALWAYS_SEARCH_USER_PATHS = NO;
				CLANG_ANALYZER_NONNULL = YES;
				CLANG_ANALYZER_NUMBER_OBJECT_CONVERSION = YES_AGGRESSIVE;
				CLANG_CXX_LANGUAGE_STANDARD = "gnu++14";
				CLANG_CXX_LIBRARY = "libc++";
				CLANG_ENABLE_MODULES = YES;
				CLANG_ENABLE_OBJC_ARC = YES;
				CLANG_ENABLE_OBJC_WEAK = YES;
				CLANG_WARN_BLOCK_CAPTURE_AUTORELEASING = YES;
				CLANG_WARN_BOOL_CONVERSION = YES;
				CLANG_WARN_COMMA = YES;
				CLANG_WARN_CONSTANT_CONVERSION = YES;
				CLANG_WARN_DEPRECATED_OBJC_IMPLEMENTATIONS = YES;
				CLANG_WARN_DIRECT_OBJC_ISA_USAGE = YES_ERROR;
				CLANG_WARN_DOCUMENTATION_COMMENTS = YES;
				CLANG_WARN_EMPTY_BODY = YES;
				CLANG_WARN_ENUM_CONVERSION = YES;
				CLANG_WARN_INFINITE_RECURSION = YES;
				CLANG_WARN_INT_CONVERSION = YES;
				CLANG_WARN_NON_LITERAL_NULL_CONVERSION = YES;
				CLANG_WARN_OBJC_IMPLICIT_RETAIN_SELF = YES;
				CLANG_WARN_OBJC_LITERAL_CONVERSION = YES;
				CLANG_WARN_OBJC_ROOT_CLASS = YES_ERROR;
				CLANG_WARN_QUOTED_INCLUDE_IN_FRAMEWORK_HEADER = YES;
				CLANG_WARN_RANGE_LOOP_ANALYSIS = YES;
				CLANG_WARN_STRICT_PROTOTYPES = YES;
				CLANG_WARN_SUSPICIOUS_MOVE = YES;
				CLANG_WARN_UNGUARDED_AVAILABILITY = YES_AGGRESSIVE;
				CLANG_WARN_UNREACHABLE_CODE = YES;
				CLANG_WARN__DUPLICATE_METHOD_MATCH = YES;
				CODE_SIGN_IDENTITY = "Apple Development";
				COPY_PHASE_STRIP = NO;
				DEBUG_INFORMATION_FORMAT = dwarf;
				ENABLE_STRICT_OBJC_MSGSEND = YES;
				ENABLE_TESTABILITY = YES;
				GCC_C_LANGUAGE_STANDARD = gnu11;
				GCC_DYNAMIC_NO_PIC = NO;
				GCC_NO_COMMON_BLOCKS = YES;
				GCC_OPTIMIZATION_LEVEL = 0;
				GCC_PREPROCESSOR_DEFINITIONS = (
					"DEBUG=1",
					"$(inherited)",
				);
				GCC_WARN_64_TO_32_BIT_CONVERSION = YES;
				GCC_WARN_ABOUT_RETURN_TYPE = YES_ERROR;
				GCC_WARN_UNDECLARED_SELECTOR = YES;
				GCC_WARN_UNINITIALIZED_AUTOS = YES_AGGRESSIVE;
				GCC_WARN_UNUSED_FUNCTION = YES;
				GCC_WARN_UNUSED_VARIABLE = YES;
				IPHONEOS_DEPLOYMENT_TARGET = 14.1;
				MTL_ENABLE_DEBUG_INFO = INCLUDE_SOURCE;
				MTL_FAST_MATH = YES;
				ONLY_ACTIVE_ARCH = YES;
				SDKROOT = iphoneos;
				SWIFT_ACTIVE_COMPILATION_CONDITIONS = DEBUG;
				SWIFT_OPTIMIZATION_LEVEL = "-Onone";
			};
			name = Debug;
		};
		D87ADA5E26062EF200123975 /* Release */ = {
			isa = XCBuildConfiguration;
			buildSettings = {
				ALWAYS_SEARCH_USER_PATHS = NO;
				CLANG_ANALYZER_NONNULL = YES;
				CLANG_ANALYZER_NUMBER_OBJECT_CONVERSION = YES_AGGRESSIVE;
				CLANG_CXX_LANGUAGE_STANDARD = "gnu++14";
				CLANG_CXX_LIBRARY = "libc++";
				CLANG_ENABLE_MODULES = YES;
				CLANG_ENABLE_OBJC_ARC = YES;
				CLANG_ENABLE_OBJC_WEAK = YES;
				CLANG_WARN_BLOCK_CAPTURE_AUTORELEASING = YES;
				CLANG_WARN_BOOL_CONVERSION = YES;
				CLANG_WARN_COMMA = YES;
				CLANG_WARN_CONSTANT_CONVERSION = YES;
				CLANG_WARN_DEPRECATED_OBJC_IMPLEMENTATIONS = YES;
				CLANG_WARN_DIRECT_OBJC_ISA_USAGE = YES_ERROR;
				CLANG_WARN_DOCUMENTATION_COMMENTS = YES;
				CLANG_WARN_EMPTY_BODY = YES;
				CLANG_WARN_ENUM_CONVERSION = YES;
				CLANG_WARN_INFINITE_RECURSION = YES;
				CLANG_WARN_INT_CONVERSION = YES;
				CLANG_WARN_NON_LITERAL_NULL_CONVERSION = YES;
				CLANG_WARN_OBJC_IMPLICIT_RETAIN_SELF = YES;
				CLANG_WARN_OBJC_LITERAL_CONVERSION = YES;
				CLANG_WARN_OBJC_ROOT_CLASS = YES_ERROR;
				CLANG_WARN_QUOTED_INCLUDE_IN_FRAMEWORK_HEADER = YES;
				CLANG_WARN_RANGE_LOOP_ANALYSIS = YES;
				CLANG_WARN_STRICT_PROTOTYPES = YES;
				CLANG_WARN_SUSPICIOUS_MOVE = YES;
				CLANG_WARN_UNGUARDED_AVAILABILITY = YES_AGGRESSIVE;
				CLANG_WARN_UNREACHABLE_CODE = YES;
				CLANG_WARN__DUPLICATE_METHOD_MATCH = YES;
				CODE_SIGN_IDENTITY = "Apple Development";
				COPY_PHASE_STRIP = NO;
				DEBUG_INFORMATION_FORMAT = "dwarf-with-dsym";
				ENABLE_NS_ASSERTIONS = NO;
				ENABLE_STRICT_OBJC_MSGSEND = YES;
				GCC_C_LANGUAGE_STANDARD = gnu11;
				GCC_NO_COMMON_BLOCKS = YES;
				GCC_WARN_64_TO_32_BIT_CONVERSION = YES;
				GCC_WARN_ABOUT_RETURN_TYPE = YES_ERROR;
				GCC_WARN_UNDECLARED_SELECTOR = YES;
				GCC_WARN_UNINITIALIZED_AUTOS = YES_AGGRESSIVE;
				GCC_WARN_UNUSED_FUNCTION = YES;
				GCC_WARN_UNUSED_VARIABLE = YES;
				IPHONEOS_DEPLOYMENT_TARGET = 14.1;
				MTL_ENABLE_DEBUG_INFO = NO;
				MTL_FAST_MATH = YES;
				SDKROOT = iphoneos;
				SWIFT_COMPILATION_MODE = wholemodule;
				SWIFT_OPTIMIZATION_LEVEL = "-O";
				VALIDATE_PRODUCT = YES;
			};
			name = Release;
		};
		D87ADA6026062EF200123975 /* Debug */ = {
			isa = XCBuildConfiguration;
			buildSettings = {
				ASSETCATALOG_COMPILER_APPICON_NAME = AppIcon;
				ASSETCATALOG_COMPILER_GLOBAL_ACCENT_COLOR_NAME = AccentColor;
				CODE_SIGN_IDENTITY = "iPhone Developer";
				CODE_SIGN_STYLE = Automatic;
				DEVELOPMENT_ASSET_PATHS = "\"SwiftUIExamples/Preview Content\"";
				DEVELOPMENT_TEAM = 22C8A495ZU;
				ENABLE_PREVIEWS = YES;
				INFOPLIST_FILE = SwiftUIExamples/Info.plist;
				IPHONEOS_DEPLOYMENT_TARGET = 14.0;
				LD_RUNPATH_SEARCH_PATHS = (
					"$(inherited)",
					"@executable_path/Frameworks",
				);
				PRODUCT_BUNDLE_IDENTIFIER = com.cantero.example.SwiftUIExamples;
				PRODUCT_NAME = "$(TARGET_NAME)";
				PROVISIONING_PROFILE_SPECIFIER = "";
				SWIFT_VERSION = 5.0;
				TARGETED_DEVICE_FAMILY = "1,2";
			};
			name = Debug;
		};
		D87ADA6126062EF200123975 /* Release */ = {
			isa = XCBuildConfiguration;
			buildSettings = {
				ASSETCATALOG_COMPILER_APPICON_NAME = AppIcon;
				ASSETCATALOG_COMPILER_GLOBAL_ACCENT_COLOR_NAME = AccentColor;
				CODE_SIGN_IDENTITY = "iPhone Developer";
				CODE_SIGN_STYLE = Automatic;
				DEVELOPMENT_ASSET_PATHS = "\"SwiftUIExamples/Preview Content\"";
				DEVELOPMENT_TEAM = 22C8A495ZU;
				ENABLE_PREVIEWS = YES;
				INFOPLIST_FILE = SwiftUIExamples/Info.plist;
				IPHONEOS_DEPLOYMENT_TARGET = 14.0;
				LD_RUNPATH_SEARCH_PATHS = (
					"$(inherited)",
					"@executable_path/Frameworks",
				);
				PRODUCT_BUNDLE_IDENTIFIER = com.cantero.example.SwiftUIExamples;
				PRODUCT_NAME = "$(TARGET_NAME)";
				PROVISIONING_PROFILE_SPECIFIER = "";
				SWIFT_VERSION = 5.0;
				TARGETED_DEVICE_FAMILY = "1,2";
			};
			name = Release;
		};
		D87ADA6326062EF200123975 /* Debug */ = {
			isa = XCBuildConfiguration;
			buildSettings = {
				ALWAYS_EMBED_SWIFT_STANDARD_LIBRARIES = YES;
				BUNDLE_LOADER = "$(TEST_HOST)";
				CODE_SIGN_STYLE = Automatic;
				DEVELOPMENT_TEAM = 22C8A495ZU;
				INFOPLIST_FILE = SwiftUIExamplesTests/Info.plist;
				IPHONEOS_DEPLOYMENT_TARGET = 14.0;
				LD_RUNPATH_SEARCH_PATHS = (
					"$(inherited)",
					"@executable_path/Frameworks",
					"@loader_path/Frameworks",
				);
				PRODUCT_BUNDLE_IDENTIFIER = com.cantero.example.SwiftUIExamplesTests;
				PRODUCT_NAME = "$(TARGET_NAME)";
				SWIFT_VERSION = 5.0;
				TARGETED_DEVICE_FAMILY = "1,2";
				TEST_HOST = "$(BUILT_PRODUCTS_DIR)/SwiftUIExamples.app/SwiftUIExamples";
			};
			name = Debug;
		};
		D87ADA6426062EF200123975 /* Release */ = {
			isa = XCBuildConfiguration;
			buildSettings = {
				ALWAYS_EMBED_SWIFT_STANDARD_LIBRARIES = YES;
				BUNDLE_LOADER = "$(TEST_HOST)";
				CODE_SIGN_STYLE = Automatic;
				DEVELOPMENT_TEAM = 22C8A495ZU;
				INFOPLIST_FILE = SwiftUIExamplesTests/Info.plist;
				IPHONEOS_DEPLOYMENT_TARGET = 14.0;
				LD_RUNPATH_SEARCH_PATHS = (
					"$(inherited)",
					"@executable_path/Frameworks",
					"@loader_path/Frameworks",
				);
				PRODUCT_BUNDLE_IDENTIFIER = com.cantero.example.SwiftUIExamplesTests;
				PRODUCT_NAME = "$(TARGET_NAME)";
				SWIFT_VERSION = 5.0;
				TARGETED_DEVICE_FAMILY = "1,2";
				TEST_HOST = "$(BUILT_PRODUCTS_DIR)/SwiftUIExamples.app/SwiftUIExamples";
			};
			name = Release;
		};
		D87ADA6626062EF200123975 /* Debug */ = {
			isa = XCBuildConfiguration;
			buildSettings = {
				ALWAYS_EMBED_SWIFT_STANDARD_LIBRARIES = YES;
				CODE_SIGN_STYLE = Automatic;
				DEVELOPMENT_TEAM = 22C8A495ZU;
				INFOPLIST_FILE = SwiftUIExamplesUITests/Info.plist;
				LD_RUNPATH_SEARCH_PATHS = (
					"$(inherited)",
					"@executable_path/Frameworks",
					"@loader_path/Frameworks",
				);
				PRODUCT_BUNDLE_IDENTIFIER = com.cantero.example.SwiftUIExamplesUITests;
				PRODUCT_NAME = "$(TARGET_NAME)";
				SWIFT_VERSION = 5.0;
				TARGETED_DEVICE_FAMILY = "1,2";
				TEST_TARGET_NAME = SwiftUIExamples;
			};
			name = Debug;
		};
		D87ADA6726062EF200123975 /* Release */ = {
			isa = XCBuildConfiguration;
			buildSettings = {
				ALWAYS_EMBED_SWIFT_STANDARD_LIBRARIES = YES;
				CODE_SIGN_STYLE = Automatic;
				DEVELOPMENT_TEAM = 22C8A495ZU;
				INFOPLIST_FILE = SwiftUIExamplesUITests/Info.plist;
				LD_RUNPATH_SEARCH_PATHS = (
					"$(inherited)",
					"@executable_path/Frameworks",
					"@loader_path/Frameworks",
				);
				PRODUCT_BUNDLE_IDENTIFIER = com.cantero.example.SwiftUIExamplesUITests;
				PRODUCT_NAME = "$(TARGET_NAME)";
				SWIFT_VERSION = 5.0;
				TARGETED_DEVICE_FAMILY = "1,2";
				TEST_TARGET_NAME = SwiftUIExamples;
			};
			name = Release;
		};
/* End XCBuildConfiguration section */

/* Begin XCConfigurationList section */
		D87ADA3526062EEC00123975 /* Build configuration list for PBXProject "SwiftUIExamples" */ = {
			isa = XCConfigurationList;
			buildConfigurations = (
				D87ADA5D26062EF200123975 /* Debug */,
				D87ADA5E26062EF200123975 /* Release */,
			);
			defaultConfigurationIsVisible = 0;
			defaultConfigurationName = Release;
		};
		D87ADA5F26062EF200123975 /* Build configuration list for PBXNativeTarget "SwiftUIExamples" */ = {
			isa = XCConfigurationList;
			buildConfigurations = (
				D87ADA6026062EF200123975 /* Debug */,
				D87ADA6126062EF200123975 /* Release */,
			);
			defaultConfigurationIsVisible = 0;
			defaultConfigurationName = Release;
		};
		D87ADA6226062EF200123975 /* Build configuration list for PBXNativeTarget "SwiftUIExamplesTests" */ = {
			isa = XCConfigurationList;
			buildConfigurations = (
				D87ADA6326062EF200123975 /* Debug */,
				D87ADA6426062EF200123975 /* Release */,
			);
			defaultConfigurationIsVisible = 0;
			defaultConfigurationName = Release;
		};
		D87ADA6526062EF200123975 /* Build configuration list for PBXNativeTarget "SwiftUIExamplesUITests" */ = {
			isa = XCConfigurationList;
			buildConfigurations = (
				D87ADA6626062EF200123975 /* Debug */,
				D87ADA6726062EF200123975 /* Release */,
			);
			defaultConfigurationIsVisible = 0;
			defaultConfigurationName = Release;
		};
/* End XCConfigurationList section */

/* Begin XCRemoteSwiftPackageReference section */
		D8709D192623710000A9C442 /* XCRemoteSwiftPackageReference "Kingfisher" */ = {
			isa = XCRemoteSwiftPackageReference;
			repositoryURL = "https://github.com/onevcat/Kingfisher.git";
			requirement = {
				kind = upToNextMajorVersion;
				minimumVersion = 6.2.1;
			};
		};
/* End XCRemoteSwiftPackageReference section */

/* Begin XCSwiftPackageProductDependency section */
		D8709D1A2623710000A9C442 /* Kingfisher */ = {
			isa = XCSwiftPackageProductDependency;
			package = D8709D192623710000A9C442 /* XCRemoteSwiftPackageReference "Kingfisher" */;
			productName = Kingfisher;
		};
/* End XCSwiftPackageProductDependency section */
	};
	rootObject = D87ADA3226062EEC00123975 /* Project object */;
}
